
Microsoft Visual Studio Solution File, Format Version 12.00
# Visual Studio Version 17
VisualStudioVersion = 17.4.33122.133
MinimumVisualStudioVersion = 10.0.40219.1
Project("{FAE04EC0-301F-11D3-BF4B-00C04F79EFBC}") = "stankin3", "stankin3.csproj", "{684EF1EE-35A3-4ED5-B47C-3AE841219BE8}"
EndProject
Global
	GlobalSection(SolutionConfigurationPlatforms) = preSolution
		Debug|Any CPU = Debug|Any CPU
		Release|Any CPU = Release|Any CPU
	EndGlobalSection
	GlobalSection(ProjectConfigurationPlatforms) = postSolution
		{684EF1EE-35A3-4ED5-B47C-3AE841219BE8}.Debug|Any CPU.ActiveCfg = Debug|Any CPU
		{684EF1EE-35A3-4ED5-B47C-3AE841219BE8}.Debug|Any CPU.Build.0 = Debug|Any CPU
		{684EF1EE-35A3-4ED5-B47C-3AE841219BE8}.Release|Any CPU.ActiveCfg = Release|Any CPU
		{684EF1EE-35A3-4ED5-B47C-3AE841219BE8}.Release|Any CPU.Build.0 = Release|Any CPU
	EndGlobalSection
	GlobalSection(SolutionProperties) = preSolution
		HideSolutionNode = FALSE
	EndGlobalSection
	GlobalSection(ExtensibilityGlobals) = postSolution
		SolutionGuid = {C65E17B3-B2D9-4BE2-9B05-BB9207462A98}
	EndGlobalSection
EndGlobal
